# THIS IS AN AUTOGENERATED FILE. DO NOT EDIT THIS FILE DIRECTLY.
# yarn lockfile v1


detect-indent@^5.0.0:
  version "5.0.0"
  resolved "https://registry.yarnpkg.com/detect-indent/-/detect-indent-5.0.0.tgz#3871cc0a6a002e8c3e5b3cf7f336264675f06b9d"
  integrity sha1-OHHMCmoALow+Wzz38zYmRnXwa50=

sort-object-keys@^1.1.2:
  version "1.1.2"
  resolved "https://registry.yarnpkg.com/sort-object-keys/-/sort-object-keys-1.1.2.tgz#d3a6c48dc2ac97e6bc94367696e03f6d09d37952"
  integrity sha1-06bEjcKsl+a8lDZ2luA/bQnTeVI=

sort-package-json@^1.22.1:
  version "1.22.1"
  resolved "https://registry.yarnpkg.com/sort-package-json/-/sort-package-json-1.22.1.tgz#384ce7a098cd13be4109800d5ce2f0cf7826052e"
  integrity sha512-uVINQraFQvnlzNHFnQOT4MYy0qonIEzKwhrI2yrTiQjNo5QF4h3ffrnCk7a95QAwoK/RdkO/w8W9tJIcaOWC7g==
  dependencies:
    detect-indent "^5.0.0"
    sort-object-keys "^1.1.2"
